
Microsoft Visual Studio Solution File, Format Version 12.00
# Visual Studio Version 17
VisualStudioVersion = 17.9.34701.34
MinimumVisualStudioVersion = 10.0.40219.1
Project("{FAE04EC0-301F-11D3-BF4B-00C04F79EFBC}") = "TurnupPortal", "TurnupPortal\TurnupPortal.csproj", "{5EFCF12B-933E-4000-AEE1-EEC35A28B6D3}"
EndProject
Global
	GlobalSection(SolutionConfigurationPlatforms) = preSolution
		Debug|Any CPU = Debug|Any CPU
		Release|Any CPU = Release|Any CPU
	EndGlobalSection
	GlobalSection(ProjectConfigurationPlatforms) = postSolution
		{5EFCF12B-933E-4000-AEE1-EEC35A28B6D3}.Debug|Any CPU.ActiveCfg = Debug|Any CPU
		{5EFCF12B-933E-4000-AEE1-EEC35A28B6D3}.Debug|Any CPU.Build.0 = Debug|Any CPU
		{5EFCF12B-933E-4000-AEE1-EEC35A28B6D3}.Release|Any CPU.ActiveCfg = Release|Any CPU
		{5EFCF12B-933E-4000-AEE1-EEC35A28B6D3}.Release|Any CPU.Build.0 = Release|Any CPU
	EndGlobalSection
	GlobalSection(SolutionProperties) = preSolution
		HideSolutionNode = FALSE
	EndGlobalSection
	GlobalSection(ExtensibilityGlobals) = postSolution
		SolutionGuid = {E2FB7D30-15DC-4FFB-8A28-0742F9C82351}
	EndGlobalSection
EndGlobal
